{
  "version": "5",
  "remote": {
    "https://deno.land/std@0.224.0/assert/_constants.ts": "a271e8ef5a573f1df8e822a6eb9d09df064ad66a4390f21b3e31f820a38e0975",
    "https://deno.land/std@0.224.0/assert/assert.ts": "09d30564c09de846855b7b071e62b5974b001bb72a4b797958fe0660e7849834",
    "https://deno.land/std@0.224.0/assert/assert_almost_equals.ts": "9e416114322012c9a21fa68e187637ce2d7df25bcbdbfd957cd639e65d3cf293",
    "https://deno.land/std@0.224.0/assert/assert_array_includes.ts": "14c5094471bc8e4a7895fc6aa5a184300d8a1879606574cb1cd715ef36a4a3c7",
    "https://deno.land/std@0.224.0/assert/assert_equals.ts": "3bbca947d85b9d374a108687b1a8ba3785a7850436b5a8930d81f34a32cb8c74",
    "https://deno.land/std@0.224.0/assert/assert_exists.ts": "43420cf7f956748ae6ed1230646567b3593cb7a36c5a5327269279c870c5ddfd",
    "https://deno.land/std@0.224.0/assert/assert_false.ts": "3e9be8e33275db00d952e9acb0cd29481a44fa0a4af6d37239ff58d79e8edeff",
    "https://deno.land/std@0.224.0/assert/assert_greater.ts": "5e57b201fd51b64ced36c828e3dfd773412c1a6120c1a5a99066c9b261974e46",
    "https://deno.land/std@0.224.0/assert/assert_greater_or_equal.ts": "9870030f997a08361b6f63400273c2fb1856f5db86c0c3852aab2a002e425c5b",
    "https://deno.land/std@0.224.0/assert/assert_instance_of.ts": "e22343c1fdcacfaea8f37784ad782683ec1cf599ae9b1b618954e9c22f376f2c",
    "https://deno.land/std@0.224.0/assert/assert_is_error.ts": "f856b3bc978a7aa6a601f3fec6603491ab6255118afa6baa84b04426dd3cc491",
    "https://deno.land/std@0.224.0/assert/assert_less.ts": "60b61e13a1982865a72726a5fa86c24fad7eb27c3c08b13883fb68882b307f68",
    "https://deno.land/std@0.224.0/assert/assert_less_or_equal.ts": "d2c84e17faba4afe085e6c9123a63395accf4f9e00150db899c46e67420e0ec3",
    "https://deno.land/std@0.224.0/assert/assert_match.ts": "ace1710dd3b2811c391946954234b5da910c5665aed817943d086d4d4871a8b7",
    "https://deno.land/std@0.224.0/assert/assert_not_equals.ts": "78d45dd46133d76ce624b2c6c09392f6110f0df9b73f911d20208a68dee2ef29",
    "https://deno.land/std@0.224.0/assert/assert_not_instance_of.ts": "3434a669b4d20cdcc5359779301a0588f941ffdc2ad68803c31eabdb4890cf7a",
    "https://deno.land/std@0.224.0/assert/assert_not_match.ts": "df30417240aa2d35b1ea44df7e541991348a063d9ee823430e0b58079a72242a",
    "https://deno.land/std@0.224.0/assert/assert_not_strict_equals.ts": "37f73880bd672709373d6dc2c5f148691119bed161f3020fff3548a0496f71b8",
    "https://deno.land/std@0.224.0/assert/assert_object_match.ts": "411450fd194fdaabc0089ae68f916b545a49d7b7e6d0026e84a54c9e7eed2693",
    "https://deno.land/std@0.224.0/assert/assert_rejects.ts": "4bee1d6d565a5b623146a14668da8f9eb1f026a4f338bbf92b37e43e0aa53c31",
    "https://deno.land/std@0.224.0/assert/assert_strict_equals.ts": "b4f45f0fd2e54d9029171876bd0b42dd9ed0efd8f853ab92a3f50127acfa54f5",
    "https://deno.land/std@0.224.0/assert/assert_string_includes.ts": "496b9ecad84deab72c8718735373feb6cdaa071eb91a98206f6f3cb4285e71b8",
    "https://deno.land/std@0.224.0/assert/assert_throws.ts": "c6508b2879d465898dab2798009299867e67c570d7d34c90a2d235e4553906eb",
    "https://deno.land/std@0.224.0/assert/assertion_error.ts": "ba8752bd27ebc51f723702fac2f54d3e94447598f54264a6653d6413738a8917",
    "https://deno.land/std@0.224.0/assert/equal.ts": "bddf07bb5fc718e10bb72d5dc2c36c1ce5a8bdd3b647069b6319e07af181ac47",
    "https://deno.land/std@0.224.0/assert/fail.ts": "0eba674ffb47dff083f02ced76d5130460bff1a9a68c6514ebe0cdea4abadb68",
    "https://deno.land/std@0.224.0/assert/mod.ts": "48b8cb8a619ea0b7958ad7ee9376500fe902284bb36f0e32c598c3dc34cbd6f3",
    "https://deno.land/std@0.224.0/assert/unimplemented.ts": "8c55a5793e9147b4f1ef68cd66496b7d5ba7a9e7ca30c6da070c1a58da723d73",
    "https://deno.land/std@0.224.0/assert/unreachable.ts": "5ae3dbf63ef988615b93eb08d395dda771c96546565f9e521ed86f6510c29e19",
    "https://deno.land/std@0.224.0/fmt/colors.ts": "508563c0659dd7198ba4bbf87e97f654af3c34eb56ba790260f252ad8012e1c5",
    "https://deno.land/std@0.224.0/internal/diff.ts": "6234a4b493ebe65dc67a18a0eb97ef683626a1166a1906232ce186ae9f65f4e6",
    "https://deno.land/std@0.224.0/internal/format.ts": "0a98ee226fd3d43450245b1844b47003419d34d210fa989900861c79820d21c2",
    "https://deno.land/std@0.224.0/internal/mod.ts": "534125398c8e7426183e12dc255bb635d94e06d0f93c60a297723abe69d3b22e"
  },
  "workspace": {
    "packageJson": {
      "dependencies": [
        "npm:@babel/core@^7.27.1",
        "npm:@babel/preset-env@^7.27.2",
        "npm:@babel/preset-react@^7.27.1",
        "npm:@babel/preset-typescript@^7.27.1",
        "npm:@commitlint/cli@^19.8.1",
        "npm:@commitlint/config-conventional@^19.8.1",
        "npm:@eslint/js@9",
        "npm:@testing-library/dom@^10.4.1",
        "npm:@testing-library/jest-dom@^7.0.1",
        "npm:@testing-library/react@^16.3.2",
        "npm:@testing-library/user-event@^14.6.6",
        "npm:@types/jest@^29.5.14",
        "npm:@typescript-eslint/eslint-plugin@^8.32.1",
        "npm:@typescript-eslint/parser@^8.32.1",
        "npm:babel-jest@^29.7.0",
        "npm:classnames@^2.5.1",
        "npm:eslint-plugin-import@^2.31.0",
        "npm:eslint-plugin-jest@^28.11.0",
        "npm:eslint-plugin-json@^4.0.1",
        "npm:eslint-plugin-node@^11.1.0",
        "npm:eslint-plugin-prettier@^5.4.0",
        "npm:eslint-plugin-react-hooks@^5.2.0",
        "npm:eslint-plugin-react@^7.37.5",
        "npm:eslint@^9.27.0",
        "npm:gts@^6.0.2",
        "npm:husky@^9.1.7",
        "npm:identity-obj-proxy@3",
        "npm:include-media@2",
        "npm:jest-environment-jsdom@^29.7.0",
        "npm:jest@^29.7.0",
        "npm:lerna@^8.2.2",
        "npm:lint-staged@16",
        "npm:node-sass@9",
        "npm:postcss@^8.5.3",
        "npm:prettier@^3.5.3",
        "npm:react-intl@^7.1.11",
        "npm:sass@^1.89.0",
        "npm:stylelint-config-sass-guidelines@^12.1.0",
        "npm:stylelint-scss@^6.12.0",
        "npm:stylelint@^16.19.1",
        "npm:ts-jest@^29.3.4",
        "npm:typescript-plugin-css-modules@^5.1.0",
        "npm:typescript@^5.8.3"
      ]
    },
    "members": {
      "packages/add-note-page-ui": {
        "packageJson": {
          "dependencies": [
            "npm:@moon-ui/note-editor@1"
          ]
        }
      },
      "packages/app-component/calendar-navigator": {
        "packageJson": {
          "dependencies": [
            "npm:@moon-ui/app-scss@1",
            "npm:@moon-ui/icon@1",
            "npm:@types/react-motion@^0.0.40"
          ]
        }
      },
      "packages/app-component/header": {
        "packageJson": {
          "dependencies": [
            "npm:@dreamer/global@1",
            "npm:@moon-ui/app-scss@1",
            "npm:@moon-ui/icon@1",
            "npm:@moon-ui/typography@1",
            "npm:@types/react-motion@^0.0.40"
          ]
        }
      },
      "packages/challenge-list-page-ui": {
        "packageJson": {
          "dependencies": [
            "npm:@happy-record/challenge-dashboard-page-ui@1"
          ]
        }
      },
      "packages/checklist-template-page-ui": {
        "packageJson": {
          "dependencies": [
            "npm:@iconify/json@^2.2.339"
          ]
        }
      },
      "packages/checklist-template-shared-page-ui": {
        "packageJson": {
          "dependencies": [
            "npm:@moon-ui/note-editor@1"
          ]
        }
      },
      "packages/create-checklist-page-ui": {
        "packageJson": {
          "dependencies": [
            "npm:@dnd-kit/core@^6.3.1",
            "npm:@dnd-kit/sortable@10",
            "npm:@iconify/json@^2.2.339",
            "npm:@moon-ui/note-editor@1",
            "npm:@moon-ui/select@1",
            "npm:@react-spring/web@^10.1.2"
          ]
        }
      },
      "packages/detail-task-page": {
        "packageJson": {
          "dependencies": [
            "npm:@moon-ui/note-editor@1",
            "npm:@moon-ui/skeleton@1",
            "npm:framer-motion@^12.12.1",
            "npm:qs@6.14.0",
            "npm:slate-dom@0.116",
            "npm:slate-react@~0.117.1",
            "npm:slate@0.117"
          ]
        }
      },
      "packages/focus-zone-modal-ui": {
        "packageJson": {
          "dependencies": [
            "npm:@dreamer/global-tool-common@1",
            "npm:@dreamer/header@1",
            "npm:@dreamer/music-controller-mobile@1",
            "npm:@dreamer/pomodoro-common@1",
            "npm:@dreamer/pomodoro-pip@1",
            "npm:@dreamer/tasks-page-common@1",
            "npm:@moon-ui/button@1",
            "npm:@moon-ui/card@1",
            "npm:@moon-ui/icon@1",
            "npm:@moon-ui/typography@1",
            "npm:@types/react-dom@18",
            "npm:@types/react@18",
            "npm:classnames@^2.3.2",
            "npm:framer-motion@10",
            "npm:react@^18.2.0",
            "npm:sass@^1.60.0"
          ]
        }
      },
      "packages/global": {
        "packageJson": {
          "dependencies": [
            "npm:@supabase/supabase-js@2.50.0",
            "npm:@types/react-motion@^0.0.40",
            "npm:@types/uuid@10",
            "npm:use-long-press@2",
            "npm:zustand@^5.0.4"
          ]
        }
      },
      "packages/global-tool-common": {
        "packageJson": {
          "dependencies": [
            "npm:@types/react-motion@^0.0.40"
          ]
        }
      },
      "packages/moon-ui/app-scss": {
        "packageJson": {
          "dependencies": [
            "npm:@types/react-motion@^0.0.40"
          ]
        }
      },
      "packages/moon-ui/button": {
        "packageJson": {
          "dependencies": [
            "npm:@types/react-motion@^0.0.40"
          ]
        }
      },
      "packages/moon-ui/card": {
        "packageJson": {
          "dependencies": [
            "npm:@moon-ui/division@1",
            "npm:@types/react-motion@^0.0.40"
          ]
        }
      },
      "packages/moon-ui/checkbox": {
        "packageJson": {
          "dependencies": [
            "npm:@types/react-motion@^0.0.40"
          ]
        }
      },
      "packages/moon-ui/division": {
        "packageJson": {
          "dependencies": [
            "npm:@types/react-motion@^0.0.40"
          ]
        }
      },
      "packages/moon-ui/drawer": {
        "packageJson": {
          "dependencies": [
            "npm:@react-spring/web@^10.1.2",
            "npm:@types/react-motion@^0.0.40"
          ]
        }
      },
      "packages/moon-ui/icon": {
        "packageJson": {
          "dependencies": [
            "npm:@types/react-motion@^0.0.40"
          ]
        }
      },
      "packages/moon-ui/input": {
        "packageJson": {
          "dependencies": [
            "npm:@types/react-motion@^0.0.40"
          ]
        }
      },
      "packages/moon-ui/list": {
        "packageJson": {
          "dependencies": [
            "npm:@types/react-motion@^0.0.40"
          ]
        }
      },
      "packages/moon-ui/modal": {
        "packageJson": {
          "dependencies": [
            "npm:@dreamer/global@1",
            "npm:@dreamer/translation@1",
            "npm:@moon-ui/division@1",
            "npm:@moon-ui/icon@1",
            "npm:@moon-ui/typography@1",
            "npm:@react-spring/web@^10.1.2",
            "npm:@use-gesture/react@^10.3.1",
            "npm:classnames@^2.3.2"
          ]
        }
      },
      "packages/moon-ui/note-editor": {
        "packageJson": {
          "dependencies": [
            "npm:@blocknote/ariakit@0.35.0",
            "npm:@blocknote/core@0.35.0",
            "npm:@blocknote/mantine@0.35.0",
            "npm:@blocknote/react@0.35.0",
            "npm:@blocknote/shadcn@0.35.0",
            "npm:@calumk/editorjs-codecup@^1.3.0",
            "npm:@calumk/editorjs-codeflask@^1.0.10",
            "npm:@editorjs/checklist@^1.6.0",
            "npm:@editorjs/code@^2.9.3",
            "npm:@editorjs/delimiter@^1.4.2",
            "npm:@editorjs/editorjs@^2.31.0",
            "npm:@editorjs/embed@~2.7.7",
            "npm:@editorjs/header@^2.8.8",
            "npm:@editorjs/list@^2.0.8",
            "npm:@editorjs/quote@^2.7.6",
            "npm:@editorjs/simple-image@^1.6.0",
            "npm:@editorjs/table@^2.4.5",
            "npm:@lexical/code@0.34",
            "npm:@lexical/file@0.34",
            "npm:@lexical/history@0.34",
            "npm:@lexical/html@0.34",
            "npm:@lexical/link@0.34",
            "npm:@lexical/list@0.34",
            "npm:@lexical/overflow@0.34",
            "npm:@lexical/plain-text@0.34",
            "npm:@lexical/react@0.34",
            "npm:@lexical/rich-text@0.34",
            "npm:@lexical/selection@0.34",
            "npm:@lexical/table@0.34",
            "npm:@lexical/utils@0.34",
            "npm:@mdxeditor/editor@3.32.3",
            "npm:@moon-ui/app-scss@1",
            "npm:@moon-ui/button@1",
            "npm:@moon-ui/checkbox@1",
            "npm:@moon-ui/icon@1",
            "npm:@moon-ui/typography@1",
            "npm:@yoopta/accordion@^4.9.9",
            "npm:@yoopta/action-menu-list@^4.9.9",
            "npm:@yoopta/blockquote@^4.9.9",
            "npm:@yoopta/callout@^4.9.9",
            "npm:@yoopta/code@^4.9.9",
            "npm:@yoopta/divider@^4.9.9",
            "npm:@yoopta/editor@^4.9.9",
            "npm:@yoopta/embed@^4.9.9",
            "npm:@yoopta/file@^4.9.9",
            "npm:@yoopta/headings@^4.9.9",
            "npm:@yoopta/image@^4.9.9",
            "npm:@yoopta/link-tool@^4.9.9",
            "npm:@yoopta/link@^4.9.9",
            "npm:@yoopta/lists@^4.9.9",
            "npm:@yoopta/marks@^4.9.9",
            "npm:@yoopta/paragraph@^4.9.9",
            "npm:@yoopta/table@^4.9.9",
            "npm:@yoopta/toolbar@^4.9.9",
            "npm:@yoopta/video@^4.9.9"
          ]
        }
      },
      "packages/moon-ui/radio": {
        "packageJson": {
          "dependencies": [
            "npm:@types/react-motion@^0.0.40"
          ]
        }
      },
      "packages/moon-ui/slider": {
        "packageJson": {
          "dependencies": [
            "npm:rc-slider@^11.1.8"
          ]
        }
      },
      "packages/moon-ui/toggle": {
        "packageJson": {
          "dependencies": [
            "npm:@react-spring/web@^10.1.2",
            "npm:@types/react-motion@^0.0.40",
            "npm:framer-motion@^12.12.1",
            "npm:react-motion@~0.5.2"
          ]
        }
      },
      "packages/moon-ui/typography": {
        "packageJson": {
          "dependencies": [
            "npm:@types/react-motion@^0.0.40"
          ]
        }
      },
      "packages/music-controller-common": {
        "packageJson": {
          "dependencies": [
            "npm:@dreamer/audio-common@1",
            "npm:@types/react-motion@^0.0.40"
          ]
        }
      },
      "packages/music-controller-mobile": {
        "packageJson": {
          "dependencies": [
            "npm:@dreamer/header@1",
            "npm:@moon-ui/drawer@1",
            "npm:@moon-ui/slider@1",
            "npm:@moon-ui/toggle@1",
            "npm:@moon-ui/typography@1",
            "npm:@types/react-motion@^0.0.40"
          ]
        }
      },
      "packages/note-manager-page-ui": {
        "packageJson": {
          "dependencies": [
            "npm:@moon-ui/note-editor@1",
            "npm:@react-spring/web@^10.1.2"
          ]
        }
      },
      "packages/pomodoro-common": {
        "packageJson": {
          "dependencies": [
            "npm:@dreamer/timer-hook@1"
          ]
        }
      },
      "packages/pomodoro-pip": {
        "packageJson": {
          "dependencies": [
            "npm:@dreamer/pomodoro-common@1",
            "npm:@dreamer/timer-hook@1"
          ]
        }
      },
      "packages/pregnant-audio-player": {
        "packageJson": {
          "dependencies": [
            "npm:@iconify/react@6",
            "npm:@moon-ui/date-picker@1",
            "npm:uuid@^11.1.0"
          ]
        }
      },
      "packages/record-page-ui": {
        "packageJson": {
          "dependencies": [
            "npm:@nghiavuive/lunar_date_vi@^2.0.1",
            "npm:@tony801015/chinese-lunar@~0.20.2",
            "npm:date-fns@^4.1.0",
            "npm:lottie-react@^2.4.1"
          ]
        }
      },
      "packages/route": {
        "packageJson": {
          "dependencies": [
            "npm:@dreamer/focus-zone-modal-ui@1",
            "npm:@dreamer/global-tool-common@1",
            "npm:@dreamer/header@1",
            "npm:@dreamer/music-controller-mobile@1",
            "npm:@dreamer/pomodoro-pip@1",
            "npm:@dreamer/record-page-ui@1",
            "npm:@dreamer/setting-page-ui@1",
            "npm:@dreamer/tasks-page-common@1",
            "npm:@happy-record/add-note-page-ui@1",
            "npm:@happy-record/challenge-dashboard-page-ui@1",
            "npm:@happy-record/challenge-list-page-ui@1",
            "npm:@happy-record/checklist-template-shared-page-ui@1",
            "npm:@happy-record/note-manager-page-ui@1",
            "npm:@happy-record/tasks-shared-page-ui@1",
            "npm:@moon-ui/note-editor@1",
            "npm:@pregnant/checklist-template-page-ui@1",
            "npm:@pregnant/create-checklist-page-ui@1",
            "npm:@pregnant/pregnant-audio-player@1",
            "npm:@pregnant/story-page-ui@1",
            "npm:@types/react-motion@^0.0.40",
            "npm:motion@12.12.2",
            "npm:react-router-dom@^6.20.0"
          ]
        }
      },
      "packages/setting-page-ui": {
        "packageJson": {
          "dependencies": [
            "npm:@dreamer/global@1",
            "npm:@dreamer/translation@1",
            "npm:@moon-ui/icon@1",
            "npm:@moon-ui/list@1",
            "npm:@moon-ui/radio@1",
            "npm:@types/react-motion@^0.0.40"
          ]
        }
      },
      "packages/story-page-ui": {
        "packageJson": {
          "dependencies": [
            "npm:@dreamer/calendar-navigator@1",
            "npm:apexcharts@^4.7.0",
            "npm:react-apexcharts@^1.7.0"
          ]
        }
      },
      "packages/tasks-page-common": {
        "packageJson": {
          "dependencies": [
            "npm:@dreamer/global@1",
            "npm:@types/react-motion@^0.0.40",
            "npm:date-fns@^4.1.0"
          ]
        }
      },
      "packages/tasks-shared-page-ui": {
        "packageJson": {
          "dependencies": [
            "npm:qs@^6.14.0"
          ]
        }
      },
      "packages/timer-hook": {
        "packageJson": {
          "dependencies": [
            "npm:@types/react-motion@^0.0.40"
          ]
        }
      },
      "packages/translation": {
        "packageJson": {
          "dependencies": [
            "npm:@dreamer/global@1",
            "npm:@formatjs/cli@^6.7.1",
            "npm:@types/react-motion@^0.0.40"
          ]
        }
      },
      "web": {
        "packageJson": {
          "dependencies": [
            "npm:@dreamer/focus-zone-modal-ui@1",
            "npm:@dreamer/global@1",
            "npm:@dreamer/music-controller-mobile@1",
            "npm:@dreamer/translation@1",
            "npm:@playwright/test@^1.54.2",
            "npm:@types/react-dom@^18.2.0",
            "npm:@types/react-motion@^0.0.33",
            "npm:@types/react-router-dom@5.3.3",
            "npm:@types/react@^18.2.0",
            "npm:@vitejs/plugin-react@^4.3.1",
            "npm:date-fns@^2.29.3",
            "npm:preact-compat@^3.19.0",
            "npm:preact@^10.11.0",
            "npm:react-dom@^18.2.0",
            "npm:react-router-dom@^6.20.0",
            "npm:react@^18.2.0",
            "npm:rollup-plugin-visualizer@^5.8.1",
            "npm:tslib@2",
            "npm:typescript@^4.6.4",
            "npm:vite-plugin-pwa@1",
            "npm:vite@^6.3.5"
          ]
        }
      }
    }
  }
}
